
Microsoft Visual Studio Solution File, Format Version 12.00
# Visual Studio Version 17
VisualStudioVersion = 17.11.35312.102
MinimumVisualStudioVersion = 10.0.40219.1
Project("{FAE04EC0-301F-11D3-BF4B-00C04F79EFBC}") = "CourierManagementSystem", "CourierManagementSystem\CourierManagementSystem.csproj", "{80B00302-E12F-4BBB-991C-1FC2F65E307F}"
EndProject
Global
	GlobalSection(SolutionConfigurationPlatforms) = preSolution
		Debug|Any CPU = Debug|Any CPU
		Release|Any CPU = Release|Any CPU
	EndGlobalSection
	GlobalSection(ProjectConfigurationPlatforms) = postSolution
		{80B00302-E12F-4BBB-991C-1FC2F65E307F}.Debug|Any CPU.ActiveCfg = Debug|Any CPU
		{80B00302-E12F-4BBB-991C-1FC2F65E307F}.Debug|Any CPU.Build.0 = Debug|Any CPU
		{80B00302-E12F-4BBB-991C-1FC2F65E307F}.Release|Any CPU.ActiveCfg = Release|Any CPU
		{80B00302-E12F-4BBB-991C-1FC2F65E307F}.Release|Any CPU.Build.0 = Release|Any CPU
	EndGlobalSection
	GlobalSection(SolutionProperties) = preSolution
		HideSolutionNode = FALSE
	EndGlobalSection
	GlobalSection(ExtensibilityGlobals) = postSolution
		SolutionGuid = {620BD8E5-6A1D-469E-A209-1802AC8A0995}
	EndGlobalSection
EndGlobal
